// !$*UTF8*$!
{
	archiveVersion = 1;
	classes = {
	};
	objectVersion = 77;
	objects = {

/* Begin PBXBuildFile section */
		002C3061805A299FDB23E0CA /* UDPFlowKey.swift in Sources */ = {isa = PBXBuildFile; fileRef = 7E574FDB88BE19740909B37A /* UDPFlowKey.swift */; };
		05CA46D055982EAE02B585CB /* UDPSessionStore.swift in Sources */ = {isa = PBXBuildFile; fileRef = 39BA75A098135606CFA590D9 /* UDPSessionStore.swift */; };
		08F6A07392CA43091539C529 /* ImportTabView.swift in Sources */ = {isa = PBXBuildFile; fileRef = F00A9DCA06E2AD0836FE6FD1 /* ImportTabView.swift */; };
		0984C7E6CEEBD8D40E29E382 /* MessageSection.swift in Sources */ = {isa = PBXBuildFile; fileRef = 432C79304587402E633E9428 /* MessageSection.swift */; };
		09DCCE5CED7F2D05D4106BCD /* IPListViewModelTests.swift in Sources */ = {isa = PBXBuildFile; fileRef = 3BC27D9CEF943FD217B263B1 /* IPListViewModelTests.swift */; };
		0B177B690598471C53B4E8F7 /* TCPFlowEvent.swift in Sources */ = {isa = PBXBuildFile; fileRef = 31DBF5B039D7ACC31114AD9E /* TCPFlowEvent.swift */; };
		0D749B44A330AE859ACFB327 /* UDPRelaySpy.swift in Sources */ = {isa = PBXBuildFile; fileRef = 5D76B23513EBDADBB39F17DE /* UDPRelaySpy.swift */; };
		12450AE7CDD1FF8C31F4FEA9 /* TunnelRuntimeStatusStoreTests.swift in Sources */ = {isa = PBXBuildFile; fileRef = 798D9A584711CAF08FA0DC59 /* TunnelRuntimeStatusStoreTests.swift */; };
		15E4831B40B9870D78BCD207 /* SharedCore in Frameworks */ = {isa = PBXBuildFile; productRef = C1E49C35C302856834AC88CC /* SharedCore */; };
		18E608472BBEB835730DCEAA /* DirectTCPRelay.swift in Sources */ = {isa = PBXBuildFile; fileRef = DA84D3A582E45B3675497B6A /* DirectTCPRelay.swift */; };
		1A5C8640F9413CE2CE719180 /* ProfilePickerSheet.swift in Sources */ = {isa = PBXBuildFile; fileRef = A2263334341B9B69EB3627B5 /* ProfilePickerSheet.swift */; };
		1E2081EB90B09802B989C333 /* UDPRouter.swift in Sources */ = {isa = PBXBuildFile; fileRef = DDD5F8CAA125343776A37E72 /* UDPRouter.swift */; };
		1E694B1CF0D3B6F814493502 /* TCPFlowSessionStore.swift in Sources */ = {isa = PBXBuildFile; fileRef = 51CAB32C11432DC19749D792 /* TCPFlowSessionStore.swift */; };
		2167582C07D51364331CEB82 /* ShadowsocksUDPCodecTests.swift in Sources */ = {isa = PBXBuildFile; fileRef = 947D6FE495012FD85EDDA8E9 /* ShadowsocksUDPCodecTests.swift */; };
		218731644E6E067F6C1E4CBA /* TCPFlowState.swift in Sources */ = {isa = PBXBuildFile; fileRef = BA96F418A420452F3E4A37C2 /* TCPFlowState.swift */; };
		219BD1A00EBFA19864E96634 /* TCPRouterReturnPathTests.swift in Sources */ = {isa = PBXBuildFile; fileRef = 5028A1A1A9885EE724704BEE /* TCPRouterReturnPathTests.swift */; };
		24EE5A65EF6379BAE47F06C2 /* TunnelConfigurationStoreTests.swift in Sources */ = {isa = PBXBuildFile; fileRef = BFE860E71865F6B42AA89044 /* TunnelConfigurationStoreTests.swift */; };
		25754A0E8EFD7D63427FD356 /* UDPPacketBuilderTests.swift in Sources */ = {isa = PBXBuildFile; fileRef = 4F30D2F7A356FA598165EE05 /* UDPPacketBuilderTests.swift */; };
		29119E624C83D97DFEEE19FE /* CNIPListStoreTests.swift in Sources */ = {isa = PBXBuildFile; fileRef = 42642D728D2808C91C26E5B4 /* CNIPListStoreTests.swift */; };
		2D18460AA815E021F406D41B /* UDPFlowKey.swift in Sources */ = {isa = PBXBuildFile; fileRef = 7E574FDB88BE19740909B37A /* UDPFlowKey.swift */; };
		316E83C584C3A594987EE4AE /* TCPRouter.swift in Sources */ = {isa = PBXBuildFile; fileRef = 03361ACFC7EF3DAFFA12EC53 /* TCPRouter.swift */; };
		32ADDC4C2155994506D44DAE /* DirectTCPRelay.swift in Sources */ = {isa = PBXBuildFile; fileRef = DA84D3A582E45B3675497B6A /* DirectTCPRelay.swift */; };
		32C2622F99762CD8241FC470 /* TunnelDiagnosticsStoreTests.swift in Sources */ = {isa = PBXBuildFile; fileRef = 2CB0FCE5F8DE73DC421558F8 /* TunnelDiagnosticsStoreTests.swift */; };
		336E19F2A0BC446DBA2214F9 /* UDPFlowRelaying.swift in Sources */ = {isa = PBXBuildFile; fileRef = FDEC52DFBD1422D04E3BFC2B /* UDPFlowRelaying.swift */; };
		35FD9E207A2625E106AB7D66 /* SharedCore in Frameworks */ = {isa = PBXBuildFile; productRef = BCBC4F9653DA63DFED1F8D62 /* SharedCore */; };
		377C30D42C458421FE3B34A3 /* TCPFlowSessionStore.swift in Sources */ = {isa = PBXBuildFile; fileRef = 51CAB32C11432DC19749D792 /* TCPFlowSessionStore.swift */; };
		3C1F89BA16C55C70D1CD76A5 /* RoutingViewModel.swift in Sources */ = {isa = PBXBuildFile; fileRef = 6C75740A83BD1E97814AB924 /* RoutingViewModel.swift */; };
		3C7BB7C18C617F5248F90151 /* TCPFlowState.swift in Sources */ = {isa = PBXBuildFile; fileRef = BA96F418A420452F3E4A37C2 /* TCPFlowState.swift */; };
		3E7084564ED7A2D94C52CA61 /* ImportSection.swift in Sources */ = {isa = PBXBuildFile; fileRef = AAAF6A83A5CA6243AAE61C6B /* ImportSection.swift */; };
		402DA08BAB1804CC44D81475 /* china-ip-list.txt in Resources */ = {isa = PBXBuildFile; fileRef = 3B01D8A4711C79BC04609012 /* china-ip-list.txt */; };
		410A3B67300ADC14B19F6DA6 /* IPListViewModel.swift in Sources */ = {isa = PBXBuildFile; fileRef = E18107D19B051C69B17265EE /* IPListViewModel.swift */; };
		42785E75A80F957C21056B2B /* DNSMessageTests.swift in Sources */ = {isa = PBXBuildFile; fileRef = 187496B5BAC158A4D023DF87 /* DNSMessageTests.swift */; };
		42AF195854C1FCECA1F69202 /* UDPRouter.swift in Sources */ = {isa = PBXBuildFile; fileRef = DDD5F8CAA125343776A37E72 /* UDPRouter.swift */; };
		45F9D2277491756E28765BB1 /* ConnectionManagerStateTests.swift in Sources */ = {isa = PBXBuildFile; fileRef = 2DB6B334E34D445586874356 /* ConnectionManagerStateTests.swift */; };
		462E3668FCDBE6C04CDF317D /* TCPFlowRelaying.swift in Sources */ = {isa = PBXBuildFile; fileRef = 099B09012909CB5D35B16E64 /* TCPFlowRelaying.swift */; };
		53F796EE99A70642FCAA017B /* DiagnosticsSection.swift in Sources */ = {isa = PBXBuildFile; fileRef = A18F5C0FC9A219F4E810A47F /* DiagnosticsSection.swift */; };
		571C561022DF1300C936978F /* ShadowsocksOneApp.swift in Sources */ = {isa = PBXBuildFile; fileRef = D7CC927DDCD78C937F61E09F /* ShadowsocksOneApp.swift */; };
		5CE71082AB5242FD2C3877E7 /* PacketTunnelProvider.swift in Sources */ = {isa = PBXBuildFile; fileRef = 222C5A9A4F9B5AD863204225 /* PacketTunnelProvider.swift */; };
		5E85A4567697FC1CA0E52453 /* TCPFlowKey.swift in Sources */ = {isa = PBXBuildFile; fileRef = 201D3DA8D62A0AD6AEFE22A9 /* TCPFlowKey.swift */; };
		614C5C8DFD0941B0985BC960 /* DomainRouteTesterTests.swift in Sources */ = {isa = PBXBuildFile; fileRef = B5B6E044130CD7B5C2839703 /* DomainRouteTesterTests.swift */; };
		61CD69D2C091E6A1516C2744 /* SharedCore in Frameworks */ = {isa = PBXBuildFile; productRef = 5F375B6A9750588195206151 /* SharedCore */; };
		62B0F8B9D4BFE6D8927B97AB /* LocalDNSUpstreamClient.swift in Sources */ = {isa = PBXBuildFile; fileRef = 6A8876B4F346D5ACE972E03D /* LocalDNSUpstreamClient.swift */; };
		651004ED5C7F04DD463DACAE /* IPPacketTests.swift in Sources */ = {isa = PBXBuildFile; fileRef = 326AADE761E2BD4797982673 /* IPPacketTests.swift */; };
		6523C20EAB578B5D6ED4DA8B /* RootViewModel.swift in Sources */ = {isa = PBXBuildFile; fileRef = F5C6827946DEEF6A298D71EC /* RootViewModel.swift */; };
		655088A69C22E4661A8EC034 /* TunnelEngineUDPTests.swift in Sources */ = {isa = PBXBuildFile; fileRef = 51D9F3E1FB90814726B20251 /* TunnelEngineUDPTests.swift */; };
		68B99B8058D378DF6436F26B /* ProfilePickerBar.swift in Sources */ = {isa = PBXBuildFile; fileRef = 84FDDC7198230F92F2D443B7 /* ProfilePickerBar.swift */; };
		6A83C9EBF8AC88C2CA6CD7E9 /* TunnelEngine.swift in Sources */ = {isa = PBXBuildFile; fileRef = 2BB2C562F41F609541AC79C9 /* TunnelEngine.swift */; };
		6D9E18EC36D15F9A87E49432 /* RootView.swift in Sources */ = {isa = PBXBuildFile; fileRef = 4A65C6B6B47CC3DBE8EA30B5 /* RootView.swift */; };
		6FEF41E76F59A67EBF0A3B40 /* ShadowsocksUDPRelay.swift in Sources */ = {isa = PBXBuildFile; fileRef = 8A39A983FC4B226C85A0225B /* ShadowsocksUDPRelay.swift */; };
		71C8E723E9658332E9F16C44 /* RoutingSections.swift in Sources */ = {isa = PBXBuildFile; fileRef = 78B5663F303AAE9A54A31793 /* RoutingSections.swift */; };
		79BD099A805DA494A00AF0F5 /* UDPSessionStoreTests.swift in Sources */ = {isa = PBXBuildFile; fileRef = 02D1CD71B8E9F204B6455D78 /* UDPSessionStoreTests.swift */; };
		7A4F1A89948F333FE7600C27 /* DomainRouteTester.swift in Sources */ = {isa = PBXBuildFile; fileRef = 0B16697CEDED4E51BAB51CC1 /* DomainRouteTester.swift */; };
		7A84FDA1F1C7E2C498489B07 /* ConnectionButton.swift in Sources */ = {isa = PBXBuildFile; fileRef = A493938FE64057B81181D196 /* ConnectionButton.swift */; };
		7D932B4C176C1D3CC71E9736 /* ProxyDNSUpstreamClient.swift in Sources */ = {isa = PBXBuildFile; fileRef = C3C1DBB5591720309FAA57BE /* ProxyDNSUpstreamClient.swift */; };
		82B167B866016CDB0B4628CA /* ProxyDNSUpstreamClient.swift in Sources */ = {isa = PBXBuildFile; fileRef = C3C1DBB5591720309FAA57BE /* ProxyDNSUpstreamClient.swift */; };
		8387C8548D355945E08C4DBD /* TunnelDiagnostics.swift in Sources */ = {isa = PBXBuildFile; fileRef = 0EA9BDD5427487271DC3C269 /* TunnelDiagnostics.swift */; };
		859C25D8088D21E3AA575161 /* SharedCore in Frameworks */ = {isa = PBXBuildFile; productRef = C90C7558FF009F36B31AF55C /* SharedCore */; };
		867DBCAE1ABCDE9D580E3CFD /* DNSCoordinator.swift in Sources */ = {isa = PBXBuildFile; fileRef = E7F9E86CEF1F56C672F17DAA /* DNSCoordinator.swift */; };
		86E56796F0B435294BFC5BEF /* ProfileStoreTests.swift in Sources */ = {isa = PBXBuildFile; fileRef = 35FE0FECE245D750C4935125 /* ProfileStoreTests.swift */; };
		88B8B5530E952798EB694988 /* ProfilesTabView.swift in Sources */ = {isa = PBXBuildFile; fileRef = C2A2BE085A126C3B5DCCF382 /* ProfilesTabView.swift */; };
		8A9EA1A9DFAB8DE3DBCE8688 /* TunnelPacketWriter.swift in Sources */ = {isa = PBXBuildFile; fileRef = 488EF0DC7A388D3F575FA343 /* TunnelPacketWriter.swift */; };
		8B1E8A23B2F21BF735893B07 /* ProfileMappingTests.swift in Sources */ = {isa = PBXBuildFile; fileRef = 50007DBE8236B1A83D150678 /* ProfileMappingTests.swift */; };
		900A87273FB8CD20CB6DF68F /* TunnelEngine.swift in Sources */ = {isa = PBXBuildFile; fileRef = 2BB2C562F41F609541AC79C9 /* TunnelEngine.swift */; };
		907A04DC7A83ED7D12A91043 /* TCPRouter.swift in Sources */ = {isa = PBXBuildFile; fileRef = 03361ACFC7EF3DAFFA12EC53 /* TCPRouter.swift */; };
		953F4744E38384FAC75AC53D /* TCPFlowKey.swift in Sources */ = {isa = PBXBuildFile; fileRef = 201D3DA8D62A0AD6AEFE22A9 /* TCPFlowKey.swift */; };
		982DE908ED254C5678944C86 /* DNSCacheTests.swift in Sources */ = {isa = PBXBuildFile; fileRef = 6AF609E103E040D115FC0ABC /* DNSCacheTests.swift */; };
		9EB6BF26BF1F9C8E22EEC388 /* RoutingConfigurationStoreTests.swift in Sources */ = {isa = PBXBuildFile; fileRef = 2327CAA3614C5C46B62C2D25 /* RoutingConfigurationStoreTests.swift */; };
		A04118CCEE83B811968D1BD0 /* DirectUDPRelay.swift in Sources */ = {isa = PBXBuildFile; fileRef = 58C4136A81BECA706F6AB9FF /* DirectUDPRelay.swift */; };
		A09FE08570F67E9975F418F9 /* PacketTunnelProvider.swift in Sources */ = {isa = PBXBuildFile; fileRef = 222C5A9A4F9B5AD863204225 /* PacketTunnelProvider.swift */; };
		A1BCB92B6B7E6D92353D7023 /* TunnelDiagnostics.swift in Sources */ = {isa = PBXBuildFile; fileRef = 0EA9BDD5427487271DC3C269 /* TunnelDiagnostics.swift */; };
		A3B9B84F86858544A0AD4D50 /* TunnelPacketWriter.swift in Sources */ = {isa = PBXBuildFile; fileRef = 488EF0DC7A388D3F575FA343 /* TunnelPacketWriter.swift */; };
		A41BFBB018CB4B15289DD6A5 /* DNSCoordinator.swift in Sources */ = {isa = PBXBuildFile; fileRef = E7F9E86CEF1F56C672F17DAA /* DNSCoordinator.swift */; };
		A9A48AFB0A6DC65C8EDD719C /* ShadowsocksUDPRelay.swift in Sources */ = {isa = PBXBuildFile; fileRef = 8A39A983FC4B226C85A0225B /* ShadowsocksUDPRelay.swift */; };
		AA3B84C0FE16EFA960E1E6F3 /* RoutingViewModelTests.swift in Sources */ = {isa = PBXBuildFile; fileRef = 7E9A4A0F1B9CBFD012574448 /* RoutingViewModelTests.swift */; };
		AC305E051E542B1FE803A0BD /* DirectUDPRelay.swift in Sources */ = {isa = PBXBuildFile; fileRef = 58C4136A81BECA706F6AB9FF /* DirectUDPRelay.swift */; };
		AD97782BE62665596364DA65 /* Assets.xcassets in Resources */ = {isa = PBXBuildFile; fileRef = 666EBC86BBB228A5E4DDD699 /* Assets.xcassets */; };
		B4A792C15D419677F900B174 /* ShadowsocksOnePacketTunnel.appex in Embed Foundation Extensions */ = {isa = PBXBuildFile; fileRef = B90EBC2914BFED861B1F08B4 /* ShadowsocksOnePacketTunnel.appex */; settings = {ATTRIBUTES = (RemoveHeadersOnCopy, ); }; };
		B8F419010F5FD680BF0E8B8E /* TCPFlowStateTests.swift in Sources */ = {isa = PBXBuildFile; fileRef = 18985CA62D01B7E4D9046CBA /* TCPFlowStateTests.swift */; };
		BE2AEE900DFDB47DA97E2B4A /* RouteMatcherTests.swift in Sources */ = {isa = PBXBuildFile; fileRef = 54105EC3541A882C9514C243 /* RouteMatcherTests.swift */; };
		C2B7F66CEC087501618BDB59 /* UDPRouterTests.swift in Sources */ = {isa = PBXBuildFile; fileRef = 5DF3DA11F42E8246C495318C /* UDPRouterTests.swift */; };
		C376C4187F556A6D09F76C39 /* TCPPacketBuilderTests.swift in Sources */ = {isa = PBXBuildFile; fileRef = CC5E929EBCD95AED7FA9DD15 /* TCPPacketBuilderTests.swift */; };
		C65C1A66E4278569DB741743 /* SystemTunnelManager.swift in Sources */ = {isa = PBXBuildFile; fileRef = 18D29D84F03C1E6831AEDDF2 /* SystemTunnelManager.swift */; };
		CAE623CF4A2FEE1C132A2DCC /* ShadowsocksTCPRelay.swift in Sources */ = {isa = PBXBuildFile; fileRef = A4CA285A34D01DE68716B286 /* ShadowsocksTCPRelay.swift */; };
		CBB4A75A7254E8AB7943E5DD /* PacketTunnelEngineTests.swift in Sources */ = {isa = PBXBuildFile; fileRef = C02D8C9402DE8D23FEC938C8 /* PacketTunnelEngineTests.swift */; };
		CCDE9A370C1C0B7343113F7C /* ProfileRow.swift in Sources */ = {isa = PBXBuildFile; fileRef = 13A139AE9DAA550962E2D7DA /* ProfileRow.swift */; };
		CEC33A8A9477F430E8DEE23B /* RootViewModelSystemTunnelTests.swift in Sources */ = {isa = PBXBuildFile; fileRef = 58471BB0C0452CA2EDDB333A /* RootViewModelSystemTunnelTests.swift */; };
		D35A2B4683EC16D6C4F10CCA /* TunnelControlling.swift in Sources */ = {isa = PBXBuildFile; fileRef = D7D90D1887AF9F1ADEFB8178 /* TunnelControlling.swift */; };
		D56BDDBAE58049E2CB5F5481 /* UDPFlowRelaying.swift in Sources */ = {isa = PBXBuildFile; fileRef = FDEC52DFBD1422D04E3BFC2B /* UDPFlowRelaying.swift */; };
		D5CBD7F549C76E318EF8A578 /* TCPFlowRelaying.swift in Sources */ = {isa = PBXBuildFile; fileRef = 099B09012909CB5D35B16E64 /* TCPFlowRelaying.swift */; };
		DEB28782E3D5B189A8A89B12 /* LocalAEADEchoServer.swift in Sources */ = {isa = PBXBuildFile; fileRef = 0246B1DA9710B6AAAF1A8A94 /* LocalAEADEchoServer.swift */; };
		DF903B7D753AC97BEACB5680 /* TCPFlowEvent.swift in Sources */ = {isa = PBXBuildFile; fileRef = 31DBF5B039D7ACC31114AD9E /* TCPFlowEvent.swift */; };
		E059FC9F338B4B053C61EE60 /* ShadowsocksTCPRelay.swift in Sources */ = {isa = PBXBuildFile; fileRef = A4CA285A34D01DE68716B286 /* ShadowsocksTCPRelay.swift */; };
		E49C264771AC31DAC5BCAE7D /* TCPRouterTests.swift in Sources */ = {isa = PBXBuildFile; fileRef = 5ED1CEEDDCE7CB8545830B13 /* TCPRouterTests.swift */; };
		E687AF63906F24E2E144226C /* ConnectionStateDisplay.swift in Sources */ = {isa = PBXBuildFile; fileRef = D0B249DA0A152DE0A8220C05 /* ConnectionStateDisplay.swift */; };
		ED08A51E5637F1AE8A614A43 /* ShadowsocksCodecTests.swift in Sources */ = {isa = PBXBuildFile; fileRef = E26326E09C300A99FABA7E8A /* ShadowsocksCodecTests.swift */; };
		EFD005CC5679B80167C4604D /* LocalDNSUpstreamClient.swift in Sources */ = {isa = PBXBuildFile; fileRef = 6A8876B4F346D5ACE972E03D /* LocalDNSUpstreamClient.swift */; };
		F6DD636A0C44ABE867E5A4C6 /* UDPSessionStore.swift in Sources */ = {isa = PBXBuildFile; fileRef = 39BA75A098135606CFA590D9 /* UDPSessionStore.swift */; };
		FCE816D1C820004A246E0ED3 /* SSURLParserTests.swift in Sources */ = {isa = PBXBuildFile; fileRef = 1CBCE0B79532877194A5BC9D /* SSURLParserTests.swift */; };
/* End PBXBuildFile section */

/* Begin PBXContainerItemProxy section */
		0ABC09FCA32565C3DF2AF0A5 /* PBXContainerItemProxy */ = {
			isa = PBXContainerItemProxy;
			containerPortal = 48DC81AFC4F522808626CA7C /* Project object */;
			proxyType = 1;
			remoteGlobalIDString = 94B199099815873DD40E7CEE;
			remoteInfo = "Shadowsocks One";
		};
		6C5148A488177A0AD74F89BA /* PBXContainerItemProxy */ = {
			isa = PBXContainerItemProxy;
			containerPortal = 48DC81AFC4F522808626CA7C /* Project object */;
			proxyType = 1;
			remoteGlobalIDString = D735B011E44A17E0D59B0C84;
			remoteInfo = ShadowsocksOnePacketTunnel;
		};
/* End PBXContainerItemProxy section */

/* Begin PBXCopyFilesBuildPhase section */
		4E22C8DF84CFB9A7AC75C68F /* Embed Foundation Extensions */ = {
			isa = PBXCopyFilesBuildPhase;
			buildActionMask = 2147483647;
			dstPath = "";
			dstSubfolderSpec = 13;
			files = (
				B4A792C15D419677F900B174 /* ShadowsocksOnePacketTunnel.appex in Embed Foundation Extensions */,
			);
			name = "Embed Foundation Extensions";
			runOnlyForDeploymentPostprocessing = 0;
		};
/* End PBXCopyFilesBuildPhase section */

/* Begin PBXFileReference section */
		0246B1DA9710B6AAAF1A8A94 /* LocalAEADEchoServer.swift */ = {isa = PBXFileReference; lastKnownFileType = sourcecode.swift; path = LocalAEADEchoServer.swift; sourceTree = "<group>"; };
		02D1CD71B8E9F204B6455D78 /* UDPSessionStoreTests.swift */ = {isa = PBXFileReference; lastKnownFileType = sourcecode.swift; path = UDPSessionStoreTests.swift; sourceTree = "<group>"; };
		03361ACFC7EF3DAFFA12EC53 /* TCPRouter.swift */ = {isa = PBXFileReference; lastKnownFileType = sourcecode.swift; path = TCPRouter.swift; sourceTree = "<group>"; };
		099B09012909CB5D35B16E64 /* TCPFlowRelaying.swift */ = {isa = PBXFileReference; lastKnownFileType = sourcecode.swift; path = TCPFlowRelaying.swift; sourceTree = "<group>"; };
		0B16697CEDED4E51BAB51CC1 /* DomainRouteTester.swift */ = {isa = PBXFileReference; lastKnownFileType = sourcecode.swift; path = DomainRouteTester.swift; sourceTree = "<group>"; };
		0E22760A273A59223F2B223E /* SharedCore */ = {isa = PBXFileReference; lastKnownFileType = folder; name = SharedCore; path = Packages/SharedCore; sourceTree = SOURCE_ROOT; };
		0EA9BDD5427487271DC3C269 /* TunnelDiagnostics.swift */ = {isa = PBXFileReference; lastKnownFileType = sourcecode.swift; path = TunnelDiagnostics.swift; sourceTree = "<group>"; };
		13A139AE9DAA550962E2D7DA /* ProfileRow.swift */ = {isa = PBXFileReference; lastKnownFileType = sourcecode.swift; path = ProfileRow.swift; sourceTree = "<group>"; };
		187496B5BAC158A4D023DF87 /* DNSMessageTests.swift */ = {isa = PBXFileReference; lastKnownFileType = sourcecode.swift; path = DNSMessageTests.swift; sourceTree = "<group>"; };
		18985CA62D01B7E4D9046CBA /* TCPFlowStateTests.swift */ = {isa = PBXFileReference; lastKnownFileType = sourcecode.swift; path = TCPFlowStateTests.swift; sourceTree = "<group>"; };
		18D29D84F03C1E6831AEDDF2 /* SystemTunnelManager.swift */ = {isa = PBXFileReference; lastKnownFileType = sourcecode.swift; path = SystemTunnelManager.swift; sourceTree = "<group>"; };
		1CBCE0B79532877194A5BC9D /* SSURLParserTests.swift */ = {isa = PBXFileReference; lastKnownFileType = sourcecode.swift; path = SSURLParserTests.swift; sourceTree = "<group>"; };
		201D3DA8D62A0AD6AEFE22A9 /* TCPFlowKey.swift */ = {isa = PBXFileReference; lastKnownFileType = sourcecode.swift; path = TCPFlowKey.swift; sourceTree = "<group>"; };
		222C5A9A4F9B5AD863204225 /* PacketTunnelProvider.swift */ = {isa = PBXFileReference; lastKnownFileType = sourcecode.swift; path = PacketTunnelProvider.swift; sourceTree = "<group>"; };
		2327CAA3614C5C46B62C2D25 /* RoutingConfigurationStoreTests.swift */ = {isa = PBXFileReference; lastKnownFileType = sourcecode.swift; path = RoutingConfigurationStoreTests.swift; sourceTree = "<group>"; };
		2BB2C562F41F609541AC79C9 /* TunnelEngine.swift */ = {isa = PBXFileReference; lastKnownFileType = sourcecode.swift; path = TunnelEngine.swift; sourceTree = "<group>"; };
		2CB0FCE5F8DE73DC421558F8 /* TunnelDiagnosticsStoreTests.swift */ = {isa = PBXFileReference; lastKnownFileType = sourcecode.swift; path = TunnelDiagnosticsStoreTests.swift; sourceTree = "<group>"; };
		2DB6B334E34D445586874356 /* ConnectionManagerStateTests.swift */ = {isa = PBXFileReference; lastKnownFileType = sourcecode.swift; path = ConnectionManagerStateTests.swift; sourceTree = "<group>"; };
		31DBF5B039D7ACC31114AD9E /* TCPFlowEvent.swift */ = {isa = PBXFileReference; lastKnownFileType = sourcecode.swift; path = TCPFlowEvent.swift; sourceTree = "<group>"; };
		326AADE761E2BD4797982673 /* IPPacketTests.swift */ = {isa = PBXFileReference; lastKnownFileType = sourcecode.swift; path = IPPacketTests.swift; sourceTree = "<group>"; };
		35FE0FECE245D750C4935125 /* ProfileStoreTests.swift */ = {isa = PBXFileReference; lastKnownFileType = sourcecode.swift; path = ProfileStoreTests.swift; sourceTree = "<group>"; };
		39BA75A098135606CFA590D9 /* UDPSessionStore.swift */ = {isa = PBXFileReference; lastKnownFileType = sourcecode.swift; path = UDPSessionStore.swift; sourceTree = "<group>"; };
		3B01D8A4711C79BC04609012 /* china-ip-list.txt */ = {isa = PBXFileReference; lastKnownFileType = text; path = "china-ip-list.txt"; sourceTree = "<group>"; };
		3BC27D9CEF943FD217B263B1 /* IPListViewModelTests.swift */ = {isa = PBXFileReference; lastKnownFileType = sourcecode.swift; path = IPListViewModelTests.swift; sourceTree = "<group>"; };
		42642D728D2808C91C26E5B4 /* CNIPListStoreTests.swift */ = {isa = PBXFileReference; lastKnownFileType = sourcecode.swift; path = CNIPListStoreTests.swift; sourceTree = "<group>"; };
		432C79304587402E633E9428 /* MessageSection.swift */ = {isa = PBXFileReference; lastKnownFileType = sourcecode.swift; path = MessageSection.swift; sourceTree = "<group>"; };
		488EF0DC7A388D3F575FA343 /* TunnelPacketWriter.swift */ = {isa = PBXFileReference; lastKnownFileType = sourcecode.swift; path = TunnelPacketWriter.swift; sourceTree = "<group>"; };
		4A65C6B6B47CC3DBE8EA30B5 /* RootView.swift */ = {isa = PBXFileReference; lastKnownFileType = sourcecode.swift; path = RootView.swift; sourceTree = "<group>"; };
		4F30D2F7A356FA598165EE05 /* UDPPacketBuilderTests.swift */ = {isa = PBXFileReference; lastKnownFileType = sourcecode.swift; path = UDPPacketBuilderTests.swift; sourceTree = "<group>"; };
		50007DBE8236B1A83D150678 /* ProfileMappingTests.swift */ = {isa = PBXFileReference; lastKnownFileType = sourcecode.swift; path = ProfileMappingTests.swift; sourceTree = "<group>"; };
		5028A1A1A9885EE724704BEE /* TCPRouterReturnPathTests.swift */ = {isa = PBXFileReference; lastKnownFileType = sourcecode.swift; path = TCPRouterReturnPathTests.swift; sourceTree = "<group>"; };
		51CAB32C11432DC19749D792 /* TCPFlowSessionStore.swift */ = {isa = PBXFileReference; lastKnownFileType = sourcecode.swift; path = TCPFlowSessionStore.swift; sourceTree = "<group>"; };
		51D9F3E1FB90814726B20251 /* TunnelEngineUDPTests.swift */ = {isa = PBXFileReference; lastKnownFileType = sourcecode.swift; path = TunnelEngineUDPTests.swift; sourceTree = "<group>"; };
		54105EC3541A882C9514C243 /* RouteMatcherTests.swift */ = {isa = PBXFileReference; lastKnownFileType = sourcecode.swift; path = RouteMatcherTests.swift; sourceTree = "<group>"; };
		58471BB0C0452CA2EDDB333A /* RootViewModelSystemTunnelTests.swift */ = {isa = PBXFileReference; lastKnownFileType = sourcecode.swift; path = RootViewModelSystemTunnelTests.swift; sourceTree = "<group>"; };
		58C4136A81BECA706F6AB9FF /* DirectUDPRelay.swift */ = {isa = PBXFileReference; lastKnownFileType = sourcecode.swift; path = DirectUDPRelay.swift; sourceTree = "<group>"; };
		5D76B23513EBDADBB39F17DE /* UDPRelaySpy.swift */ = {isa = PBXFileReference; lastKnownFileType = sourcecode.swift; path = UDPRelaySpy.swift; sourceTree = "<group>"; };
		5DF3DA11F42E8246C495318C /* UDPRouterTests.swift */ = {isa = PBXFileReference; lastKnownFileType = sourcecode.swift; path = UDPRouterTests.swift; sourceTree = "<group>"; };
		5ED1CEEDDCE7CB8545830B13 /* TCPRouterTests.swift */ = {isa = PBXFileReference; lastKnownFileType = sourcecode.swift; path = TCPRouterTests.swift; sourceTree = "<group>"; };
		666EBC86BBB228A5E4DDD699 /* Assets.xcassets */ = {isa = PBXFileReference; lastKnownFileType = folder.assetcatalog; path = Assets.xcassets; sourceTree = "<group>"; };
		6A8876B4F346D5ACE972E03D /* LocalDNSUpstreamClient.swift */ = {isa = PBXFileReference; lastKnownFileType = sourcecode.swift; path = LocalDNSUpstreamClient.swift; sourceTree = "<group>"; };
		6AF609E103E040D115FC0ABC /* DNSCacheTests.swift */ = {isa = PBXFileReference; lastKnownFileType = sourcecode.swift; path = DNSCacheTests.swift; sourceTree = "<group>"; };
		6C75740A83BD1E97814AB924 /* RoutingViewModel.swift */ = {isa = PBXFileReference; lastKnownFileType = sourcecode.swift; path = RoutingViewModel.swift; sourceTree = "<group>"; };
		76D9644E37901DB767E95313 /* ConnectionIntegrationTests.xctest */ = {isa = PBXFileReference; includeInIndex = 0; lastKnownFileType = wrapper.cfbundle; path = ConnectionIntegrationTests.xctest; sourceTree = BUILT_PRODUCTS_DIR; };
		78B5663F303AAE9A54A31793 /* RoutingSections.swift */ = {isa = PBXFileReference; lastKnownFileType = sourcecode.swift; path = RoutingSections.swift; sourceTree = "<group>"; };
		798D9A584711CAF08FA0DC59 /* TunnelRuntimeStatusStoreTests.swift */ = {isa = PBXFileReference; lastKnownFileType = sourcecode.swift; path = TunnelRuntimeStatusStoreTests.swift; sourceTree = "<group>"; };
		7E574FDB88BE19740909B37A /* UDPFlowKey.swift */ = {isa = PBXFileReference; lastKnownFileType = sourcecode.swift; path = UDPFlowKey.swift; sourceTree = "<group>"; };
		7E9A4A0F1B9CBFD012574448 /* RoutingViewModelTests.swift */ = {isa = PBXFileReference; lastKnownFileType = sourcecode.swift; path = RoutingViewModelTests.swift; sourceTree = "<group>"; };
		84FDDC7198230F92F2D443B7 /* ProfilePickerBar.swift */ = {isa = PBXFileReference; lastKnownFileType = sourcecode.swift; path = ProfilePickerBar.swift; sourceTree = "<group>"; };
		85CF8A2952562289E2350AAD /* Info.plist */ = {isa = PBXFileReference; lastKnownFileType = text.plist; path = Info.plist; sourceTree = "<group>"; };
		87B5B1FFAF3D38A45A6ED909 /* SharedCoreXcodeTests.xctest */ = {isa = PBXFileReference; includeInIndex = 0; lastKnownFileType = wrapper.cfbundle; path = SharedCoreXcodeTests.xctest; sourceTree = BUILT_PRODUCTS_DIR; };
		8A39A983FC4B226C85A0225B /* ShadowsocksUDPRelay.swift */ = {isa = PBXFileReference; lastKnownFileType = sourcecode.swift; path = ShadowsocksUDPRelay.swift; sourceTree = "<group>"; };
		947D6FE495012FD85EDDA8E9 /* ShadowsocksUDPCodecTests.swift */ = {isa = PBXFileReference; lastKnownFileType = sourcecode.swift; path = ShadowsocksUDPCodecTests.swift; sourceTree = "<group>"; };
		9ABDC0609D55C9479A3B4076 /* Shadowsocks One.app */ = {isa = PBXFileReference; includeInIndex = 0; lastKnownFileType = wrapper.application; path = "Shadowsocks One.app"; sourceTree = BUILT_PRODUCTS_DIR; };
		A18F5C0FC9A219F4E810A47F /* DiagnosticsSection.swift */ = {isa = PBXFileReference; lastKnownFileType = sourcecode.swift; path = DiagnosticsSection.swift; sourceTree = "<group>"; };
		A1D226BC615F9B80A12E60E1 /* ShadowsocksOne.entitlements */ = {isa = PBXFileReference; lastKnownFileType = text.plist.entitlements; path = ShadowsocksOne.entitlements; sourceTree = "<group>"; };
		A2263334341B9B69EB3627B5 /* ProfilePickerSheet.swift */ = {isa = PBXFileReference; lastKnownFileType = sourcecode.swift; path = ProfilePickerSheet.swift; sourceTree = "<group>"; };
		A493938FE64057B81181D196 /* ConnectionButton.swift */ = {isa = PBXFileReference; lastKnownFileType = sourcecode.swift; path = ConnectionButton.swift; sourceTree = "<group>"; };
		A4CA285A34D01DE68716B286 /* ShadowsocksTCPRelay.swift */ = {isa = PBXFileReference; lastKnownFileType = sourcecode.swift; path = ShadowsocksTCPRelay.swift; sourceTree = "<group>"; };
		AAAF6A83A5CA6243AAE61C6B /* ImportSection.swift */ = {isa = PBXFileReference; lastKnownFileType = sourcecode.swift; path = ImportSection.swift; sourceTree = "<group>"; };
		B03481749C8B652EC8634D8D /* PacketTunnel.entitlements */ = {isa = PBXFileReference; lastKnownFileType = text.plist.entitlements; path = PacketTunnel.entitlements; sourceTree = "<group>"; };
		B348452238ED3121BEAAF923 /* Info.plist */ = {isa = PBXFileReference; lastKnownFileType = text.plist; path = Info.plist; sourceTree = "<group>"; };
		B5B6E044130CD7B5C2839703 /* DomainRouteTesterTests.swift */ = {isa = PBXFileReference; lastKnownFileType = sourcecode.swift; path = DomainRouteTesterTests.swift; sourceTree = "<group>"; };
		B90EBC2914BFED861B1F08B4 /* ShadowsocksOnePacketTunnel.appex */ = {isa = PBXFileReference; includeInIndex = 0; lastKnownFileType = "wrapper.app-extension"; path = ShadowsocksOnePacketTunnel.appex; sourceTree = BUILT_PRODUCTS_DIR; };
		BA96F418A420452F3E4A37C2 /* TCPFlowState.swift */ = {isa = PBXFileReference; lastKnownFileType = sourcecode.swift; path = TCPFlowState.swift; sourceTree = "<group>"; };
		BFE860E71865F6B42AA89044 /* TunnelConfigurationStoreTests.swift */ = {isa = PBXFileReference; lastKnownFileType = sourcecode.swift; path = TunnelConfigurationStoreTests.swift; sourceTree = "<group>"; };
		C02D8C9402DE8D23FEC938C8 /* PacketTunnelEngineTests.swift */ = {isa = PBXFileReference; lastKnownFileType = sourcecode.swift; path = PacketTunnelEngineTests.swift; sourceTree = "<group>"; };
		C2A2BE085A126C3B5DCCF382 /* ProfilesTabView.swift */ = {isa = PBXFileReference; lastKnownFileType = sourcecode.swift; path = ProfilesTabView.swift; sourceTree = "<group>"; };
		C3C1DBB5591720309FAA57BE /* ProxyDNSUpstreamClient.swift */ = {isa = PBXFileReference; lastKnownFileType = sourcecode.swift; path = ProxyDNSUpstreamClient.swift; sourceTree = "<group>"; };
		CC5E929EBCD95AED7FA9DD15 /* TCPPacketBuilderTests.swift */ = {isa = PBXFileReference; lastKnownFileType = sourcecode.swift; path = TCPPacketBuilderTests.swift; sourceTree = "<group>"; };
		D0B249DA0A152DE0A8220C05 /* ConnectionStateDisplay.swift */ = {isa = PBXFileReference; lastKnownFileType = sourcecode.swift; path = ConnectionStateDisplay.swift; sourceTree = "<group>"; };
		D7CC927DDCD78C937F61E09F /* ShadowsocksOneApp.swift */ = {isa = PBXFileReference; lastKnownFileType = sourcecode.swift; path = ShadowsocksOneApp.swift; sourceTree = "<group>"; };
		D7D90D1887AF9F1ADEFB8178 /* TunnelControlling.swift */ = {isa = PBXFileReference; lastKnownFileType = sourcecode.swift; path = TunnelControlling.swift; sourceTree = "<group>"; };
		DA84D3A582E45B3675497B6A /* DirectTCPRelay.swift */ = {isa = PBXFileReference; lastKnownFileType = sourcecode.swift; path = DirectTCPRelay.swift; sourceTree = "<group>"; };
		DDD5F8CAA125343776A37E72 /* UDPRouter.swift */ = {isa = PBXFileReference; lastKnownFileType = sourcecode.swift; path = UDPRouter.swift; sourceTree = "<group>"; };
		E18107D19B051C69B17265EE /* IPListViewModel.swift */ = {isa = PBXFileReference; lastKnownFileType = sourcecode.swift; path = IPListViewModel.swift; sourceTree = "<group>"; };
		E26326E09C300A99FABA7E8A /* ShadowsocksCodecTests.swift */ = {isa = PBXFileReference; lastKnownFileType = sourcecode.swift; path = ShadowsocksCodecTests.swift; sourceTree = "<group>"; };
		E7F9E86CEF1F56C672F17DAA /* DNSCoordinator.swift */ = {isa = PBXFileReference; lastKnownFileType = sourcecode.swift; path = DNSCoordinator.swift; sourceTree = "<group>"; };
		F00A9DCA06E2AD0836FE6FD1 /* ImportTabView.swift */ = {isa = PBXFileReference; lastKnownFileType = sourcecode.swift; path = ImportTabView.swift; sourceTree = "<group>"; };
		F5C6827946DEEF6A298D71EC /* RootViewModel.swift */ = {isa = PBXFileReference; lastKnownFileType = sourcecode.swift; path = RootViewModel.swift; sourceTree = "<group>"; };
		FDEC52DFBD1422D04E3BFC2B /* UDPFlowRelaying.swift */ = {isa = PBXFileReference; lastKnownFileType = sourcecode.swift; path = UDPFlowRelaying.swift; sourceTree = "<group>"; };
/* End PBXFileReference section */

/* Begin PBXFrameworksBuildPhase section */
		46CE88F146079C0832151A1C /* Frameworks */ = {
			isa = PBXFrameworksBuildPhase;
			buildActionMask = 2147483647;
			files = (
				859C25D8088D21E3AA575161 /* SharedCore in Frameworks */,
			);
			runOnlyForDeploymentPostprocessing = 0;
		};
		CDD5C8F8F15E6247E60F2A47 /* Frameworks */ = {
			isa = PBXFrameworksBuildPhase;
			buildActionMask = 2147483647;
			files = (
				15E4831B40B9870D78BCD207 /* SharedCore in Frameworks */,
			);
			runOnlyForDeploymentPostprocessing = 0;
		};
		E2798F2D0D50AD9AF40A870F /* Frameworks */ = {
			isa = PBXFrameworksBuildPhase;
			buildActionMask = 2147483647;
			files = (
				35FD9E207A2625E106AB7D66 /* SharedCore in Frameworks */,
			);
			runOnlyForDeploymentPostprocessing = 0;
		};
		EBC5FD00F0F92C84196044A4 /* Frameworks */ = {
			isa = PBXFrameworksBuildPhase;
			buildActionMask = 2147483647;
			files = (
				61CD69D2C091E6A1516C2744 /* SharedCore in Frameworks */,
			);
			runOnlyForDeploymentPostprocessing = 0;
		};
/* End PBXFrameworksBuildPhase section */

/* Begin PBXGroup section */
		32FD4F4E8F090A3F9D2AA0B1 /* Products */ = {
			isa = PBXGroup;
			children = (
				76D9644E37901DB767E95313 /* ConnectionIntegrationTests.xctest */,
				9ABDC0609D55C9479A3B4076 /* Shadowsocks One.app */,
				B90EBC2914BFED861B1F08B4 /* ShadowsocksOnePacketTunnel.appex */,
				87B5B1FFAF3D38A45A6ED909 /* SharedCoreXcodeTests.xctest */,
			);
			name = Products;
			sourceTree = "<group>";
		};
		3582DEA7FE5E8A5478278145 /* ConnectionIntegrationTests */ = {
			isa = PBXGroup;
			children = (
				2DB6B334E34D445586874356 /* ConnectionManagerStateTests.swift */,
				B5B6E044130CD7B5C2839703 /* DomainRouteTesterTests.swift */,
				3BC27D9CEF943FD217B263B1 /* IPListViewModelTests.swift */,
				0246B1DA9710B6AAAF1A8A94 /* LocalAEADEchoServer.swift */,
				C02D8C9402DE8D23FEC938C8 /* PacketTunnelEngineTests.swift */,
				58471BB0C0452CA2EDDB333A /* RootViewModelSystemTunnelTests.swift */,
				7E9A4A0F1B9CBFD012574448 /* RoutingViewModelTests.swift */,
				18985CA62D01B7E4D9046CBA /* TCPFlowStateTests.swift */,
				5028A1A1A9885EE724704BEE /* TCPRouterReturnPathTests.swift */,
				5ED1CEEDDCE7CB8545830B13 /* TCPRouterTests.swift */,
				51D9F3E1FB90814726B20251 /* TunnelEngineUDPTests.swift */,
				5D76B23513EBDADBB39F17DE /* UDPRelaySpy.swift */,
				5DF3DA11F42E8246C495318C /* UDPRouterTests.swift */,
				02D1CD71B8E9F204B6455D78 /* UDPSessionStoreTests.swift */,
			);
			name = ConnectionIntegrationTests;
			path = Tests/ConnectionIntegrationTests;
			sourceTree = "<group>";
		};
		464EC3FF49A49271214414CF /* TCP */ = {
			isa = PBXGroup;
			children = (
				DA84D3A582E45B3675497B6A /* DirectTCPRelay.swift */,
				A4CA285A34D01DE68716B286 /* ShadowsocksTCPRelay.swift */,
				31DBF5B039D7ACC31114AD9E /* TCPFlowEvent.swift */,
				201D3DA8D62A0AD6AEFE22A9 /* TCPFlowKey.swift */,
				099B09012909CB5D35B16E64 /* TCPFlowRelaying.swift */,
				51CAB32C11432DC19749D792 /* TCPFlowSessionStore.swift */,
				BA96F418A420452F3E4A37C2 /* TCPFlowState.swift */,
				03361ACFC7EF3DAFFA12EC53 /* TCPRouter.swift */,
				488EF0DC7A388D3F575FA343 /* TunnelPacketWriter.swift */,
			);
			name = TCP;
			path = PacketTunnel/TCP;
			sourceTree = "<group>";
		};
		50BA8710F6AC7C6ECEAE5689 /* UDP */ = {
			isa = PBXGroup;
			children = (
				58C4136A81BECA706F6AB9FF /* DirectUDPRelay.swift */,
				8A39A983FC4B226C85A0225B /* ShadowsocksUDPRelay.swift */,
				7E574FDB88BE19740909B37A /* UDPFlowKey.swift */,
				FDEC52DFBD1422D04E3BFC2B /* UDPFlowRelaying.swift */,
				DDD5F8CAA125343776A37E72 /* UDPRouter.swift */,
				39BA75A098135606CFA590D9 /* UDPSessionStore.swift */,
			);
			name = UDP;
			path = PacketTunnel/UDP;
			sourceTree = "<group>";
		};
		532FD901ECB0FECC830FD034 /* App */ = {
			isa = PBXGroup;
			children = (
				666EBC86BBB228A5E4DDD699 /* Assets.xcassets */,
				A493938FE64057B81181D196 /* ConnectionButton.swift */,
				D0B249DA0A152DE0A8220C05 /* ConnectionStateDisplay.swift */,
				A18F5C0FC9A219F4E810A47F /* DiagnosticsSection.swift */,
				0B16697CEDED4E51BAB51CC1 /* DomainRouteTester.swift */,
				AAAF6A83A5CA6243AAE61C6B /* ImportSection.swift */,
				F00A9DCA06E2AD0836FE6FD1 /* ImportTabView.swift */,
				85CF8A2952562289E2350AAD /* Info.plist */,
				E18107D19B051C69B17265EE /* IPListViewModel.swift */,
				432C79304587402E633E9428 /* MessageSection.swift */,
				84FDDC7198230F92F2D443B7 /* ProfilePickerBar.swift */,
				A2263334341B9B69EB3627B5 /* ProfilePickerSheet.swift */,
				13A139AE9DAA550962E2D7DA /* ProfileRow.swift */,
				C2A2BE085A126C3B5DCCF382 /* ProfilesTabView.swift */,
				4A65C6B6B47CC3DBE8EA30B5 /* RootView.swift */,
				F5C6827946DEEF6A298D71EC /* RootViewModel.swift */,
				78B5663F303AAE9A54A31793 /* RoutingSections.swift */,
				6C75740A83BD1E97814AB924 /* RoutingViewModel.swift */,
				A1D226BC615F9B80A12E60E1 /* ShadowsocksOne.entitlements */,
				D7CC927DDCD78C937F61E09F /* ShadowsocksOneApp.swift */,
				18D29D84F03C1E6831AEDDF2 /* SystemTunnelManager.swift */,
				D7D90D1887AF9F1ADEFB8178 /* TunnelControlling.swift */,
			);
			path = App;
			sourceTree = "<group>";
		};
		843B7CE4B69FE1D4459058D2 /* SharedCoreTests */ = {
			isa = PBXGroup;
			children = (
				42642D728D2808C91C26E5B4 /* CNIPListStoreTests.swift */,
				6AF609E103E040D115FC0ABC /* DNSCacheTests.swift */,
				187496B5BAC158A4D023DF87 /* DNSMessageTests.swift */,
				326AADE761E2BD4797982673 /* IPPacketTests.swift */,
				50007DBE8236B1A83D150678 /* ProfileMappingTests.swift */,
				35FE0FECE245D750C4935125 /* ProfileStoreTests.swift */,
				54105EC3541A882C9514C243 /* RouteMatcherTests.swift */,
				2327CAA3614C5C46B62C2D25 /* RoutingConfigurationStoreTests.swift */,
				E26326E09C300A99FABA7E8A /* ShadowsocksCodecTests.swift */,
				947D6FE495012FD85EDDA8E9 /* ShadowsocksUDPCodecTests.swift */,
				1CBCE0B79532877194A5BC9D /* SSURLParserTests.swift */,
				CC5E929EBCD95AED7FA9DD15 /* TCPPacketBuilderTests.swift */,
				BFE860E71865F6B42AA89044 /* TunnelConfigurationStoreTests.swift */,
				2CB0FCE5F8DE73DC421558F8 /* TunnelDiagnosticsStoreTests.swift */,
				798D9A584711CAF08FA0DC59 /* TunnelRuntimeStatusStoreTests.swift */,
				4F30D2F7A356FA598165EE05 /* UDPPacketBuilderTests.swift */,
			);
			name = SharedCoreTests;
			path = Packages/SharedCore/Tests/SharedCoreTests;
			sourceTree = "<group>";
		};
		8AC44DD766F795AEBB4380AC /* DNS */ = {
			isa = PBXGroup;
			children = (
				E7F9E86CEF1F56C672F17DAA /* DNSCoordinator.swift */,
				6A8876B4F346D5ACE972E03D /* LocalDNSUpstreamClient.swift */,
				C3C1DBB5591720309FAA57BE /* ProxyDNSUpstreamClient.swift */,
			);
			name = DNS;
			path = PacketTunnel/DNS;
			sourceTree = "<group>";
		};
		E373396A0942D058BA98E9FF /* Packages */ = {
			isa = PBXGroup;
			children = (
				0E22760A273A59223F2B223E /* SharedCore */,
			);
			path = Packages;
			sourceTree = "<group>";
		};
		E487A2D0DAFA5DD55272A8AE = {
			isa = PBXGroup;
			children = (
				532FD901ECB0FECC830FD034 /* App */,
				3582DEA7FE5E8A5478278145 /* ConnectionIntegrationTests */,
				8AC44DD766F795AEBB4380AC /* DNS */,
				E373396A0942D058BA98E9FF /* Packages */,
				E4D7D13BE10EC4CDF33D9719 /* PacketTunnel */,
				843B7CE4B69FE1D4459058D2 /* SharedCoreTests */,
				464EC3FF49A49271214414CF /* TCP */,
				50BA8710F6AC7C6ECEAE5689 /* UDP */,
				32FD4F4E8F090A3F9D2AA0B1 /* Products */,
			);
			sourceTree = "<group>";
		};
		E4D7D13BE10EC4CDF33D9719 /* PacketTunnel */ = {
			isa = PBXGroup;
			children = (
				3B01D8A4711C79BC04609012 /* china-ip-list.txt */,
				B348452238ED3121BEAAF923 /* Info.plist */,
				B03481749C8B652EC8634D8D /* PacketTunnel.entitlements */,
				222C5A9A4F9B5AD863204225 /* PacketTunnelProvider.swift */,
				0EA9BDD5427487271DC3C269 /* TunnelDiagnostics.swift */,
				2BB2C562F41F609541AC79C9 /* TunnelEngine.swift */,
				8AC44DD766F795AEBB4380AC /* DNS */,
				464EC3FF49A49271214414CF /* TCP */,
				50BA8710F6AC7C6ECEAE5689 /* UDP */,
			);
			path = PacketTunnel;
			sourceTree = "<group>";
		};
/* End PBXGroup section */

/* Begin PBXNativeTarget section */
		4ABDC9CC75B72610F4582D14 /* ConnectionIntegrationTests */ = {
			isa = PBXNativeTarget;
			buildConfigurationList = D2020857EA267CFBB89FAA24 /* Build configuration list for PBXNativeTarget "ConnectionIntegrationTests" */;
			buildPhases = (
				113BC6A4B827CFC74112A596 /* Sources */,
				CDD5C8F8F15E6247E60F2A47 /* Frameworks */,
			);
			buildRules = (
			);
			dependencies = (
				DA4D63C0576D5EA285B54DF5 /* PBXTargetDependency */,
			);
			name = ConnectionIntegrationTests;
			packageProductDependencies = (
				C1E49C35C302856834AC88CC /* SharedCore */,
			);
			productName = ConnectionIntegrationTests;
			productReference = 76D9644E37901DB767E95313 /* ConnectionIntegrationTests.xctest */;
			productType = "com.apple.product-type.bundle.unit-test";
		};
		94B199099815873DD40E7CEE /* Shadowsocks One */ = {
			isa = PBXNativeTarget;
			buildConfigurationList = C19FD4B7BD6CEA8E5E9E1B98 /* Build configuration list for PBXNativeTarget "Shadowsocks One" */;
			buildPhases = (
				54A8DEAF331F916BBC005415 /* Sources */,
				8EEC551F936E2633CDE63B0F /* Resources */,
				46CE88F146079C0832151A1C /* Frameworks */,
				4E22C8DF84CFB9A7AC75C68F /* Embed Foundation Extensions */,
			);
			buildRules = (
			);
			dependencies = (
				9AC92EF529680069B66469CF /* PBXTargetDependency */,
			);
			name = "Shadowsocks One";
			packageProductDependencies = (
				C90C7558FF009F36B31AF55C /* SharedCore */,
			);
			productName = "Shadowsocks One";
			productReference = 9ABDC0609D55C9479A3B4076 /* Shadowsocks One.app */;
			productType = "com.apple.product-type.application";
		};
		C56D35D5970C59250E40D3C4 /* SharedCoreXcodeTests */ = {
			isa = PBXNativeTarget;
			buildConfigurationList = F3E1067B7A86D923528CB0F8 /* Build configuration list for PBXNativeTarget "SharedCoreXcodeTests" */;
			buildPhases = (
				CC9D9F318E6948904C761AB0 /* Sources */,
				EBC5FD00F0F92C84196044A4 /* Frameworks */,
			);
			buildRules = (
			);
			dependencies = (
			);
			name = SharedCoreXcodeTests;
			packageProductDependencies = (
				5F375B6A9750588195206151 /* SharedCore */,
			);
			productName = SharedCoreXcodeTests;
			productReference = 87B5B1FFAF3D38A45A6ED909 /* SharedCoreXcodeTests.xctest */;
			productType = "com.apple.product-type.bundle.unit-test";
		};
		D735B011E44A17E0D59B0C84 /* ShadowsocksOnePacketTunnel */ = {
			isa = PBXNativeTarget;
			buildConfigurationList = 768F17DDD6ABC522934C73A5 /* Build configuration list for PBXNativeTarget "ShadowsocksOnePacketTunnel" */;
			buildPhases = (
				604CE3D220B2FE0824531C32 /* Sources */,
				94A04E7C206341EE09F32026 /* Resources */,
				E2798F2D0D50AD9AF40A870F /* Frameworks */,
			);
			buildRules = (
			);
			dependencies = (
			);
			name = ShadowsocksOnePacketTunnel;
			packageProductDependencies = (
				BCBC4F9653DA63DFED1F8D62 /* SharedCore */,
			);
			productName = ShadowsocksOnePacketTunnel;
			productReference = B90EBC2914BFED861B1F08B4 /* ShadowsocksOnePacketTunnel.appex */;
			productType = "com.apple.product-type.app-extension";
		};
/* End PBXNativeTarget section */

/* Begin PBXProject section */
		48DC81AFC4F522808626CA7C /* Project object */ = {
			isa = PBXProject;
			attributes = {
				BuildIndependentTargetsInParallel = YES;
				LastUpgradeCheck = 1430;
				TargetAttributes = {
					94B199099815873DD40E7CEE = {
						DevelopmentTeam = 8Z7LGX7B48;
						ProvisioningStyle = Automatic;
					};
					D735B011E44A17E0D59B0C84 = {
						DevelopmentTeam = 8Z7LGX7B48;
						ProvisioningStyle = Automatic;
					};
				};
			};
			buildConfigurationList = 613093C471AFC3D8003F36B4 /* Build configuration list for PBXProject "ShadowsocksOne" */;
			developmentRegion = en;
			hasScannedForEncodings = 0;
			knownRegions = (
				Base,
				en,
			);
			mainGroup = E487A2D0DAFA5DD55272A8AE;
			minimizedProjectReferenceProxies = 1;
			packageReferences = (
				AA835B56A12131B0520E5516 /* XCLocalSwiftPackageReference "Packages/SharedCore" */,
			);
			preferredProjectObjectVersion = 77;
			productRefGroup = 32FD4F4E8F090A3F9D2AA0B1 /* Products */;
			projectDirPath = "";
			projectRoot = "";
			targets = (
				4ABDC9CC75B72610F4582D14 /* ConnectionIntegrationTests */,
				94B199099815873DD40E7CEE /* Shadowsocks One */,
				D735B011E44A17E0D59B0C84 /* ShadowsocksOnePacketTunnel */,
				C56D35D5970C59250E40D3C4 /* SharedCoreXcodeTests */,
			);
		};
/* End PBXProject section */

/* Begin PBXResourcesBuildPhase section */
		8EEC551F936E2633CDE63B0F /* Resources */ = {
			isa = PBXResourcesBuildPhase;
			buildActionMask = 2147483647;
			files = (
				AD97782BE62665596364DA65 /* Assets.xcassets in Resources */,
			);
			runOnlyForDeploymentPostprocessing = 0;
		};
		94A04E7C206341EE09F32026 /* Resources */ = {
			isa = PBXResourcesBuildPhase;
			buildActionMask = 2147483647;
			files = (
				402DA08BAB1804CC44D81475 /* china-ip-list.txt in Resources */,
			);
			runOnlyForDeploymentPostprocessing = 0;
		};
/* End PBXResourcesBuildPhase section */

/* Begin PBXSourcesBuildPhase section */
		113BC6A4B827CFC74112A596 /* Sources */ = {
			isa = PBXSourcesBuildPhase;
			buildActionMask = 2147483647;
			files = (
				45F9D2277491756E28765BB1 /* ConnectionManagerStateTests.swift in Sources */,
				A41BFBB018CB4B15289DD6A5 /* DNSCoordinator.swift in Sources */,
				32ADDC4C2155994506D44DAE /* DirectTCPRelay.swift in Sources */,
				A04118CCEE83B811968D1BD0 /* DirectUDPRelay.swift in Sources */,
				614C5C8DFD0941B0985BC960 /* DomainRouteTesterTests.swift in Sources */,
				09DCCE5CED7F2D05D4106BCD /* IPListViewModelTests.swift in Sources */,
				DEB28782E3D5B189A8A89B12 /* LocalAEADEchoServer.swift in Sources */,
				62B0F8B9D4BFE6D8927B97AB /* LocalDNSUpstreamClient.swift in Sources */,
				CBB4A75A7254E8AB7943E5DD /* PacketTunnelEngineTests.swift in Sources */,
				A09FE08570F67E9975F418F9 /* PacketTunnelProvider.swift in Sources */,
				7D932B4C176C1D3CC71E9736 /* ProxyDNSUpstreamClient.swift in Sources */,
				CEC33A8A9477F430E8DEE23B /* RootViewModelSystemTunnelTests.swift in Sources */,
				AA3B84C0FE16EFA960E1E6F3 /* RoutingViewModelTests.swift in Sources */,
				CAE623CF4A2FEE1C132A2DCC /* ShadowsocksTCPRelay.swift in Sources */,
				6FEF41E76F59A67EBF0A3B40 /* ShadowsocksUDPRelay.swift in Sources */,
				0B177B690598471C53B4E8F7 /* TCPFlowEvent.swift in Sources */,
				953F4744E38384FAC75AC53D /* TCPFlowKey.swift in Sources */,
				D5CBD7F549C76E318EF8A578 /* TCPFlowRelaying.swift in Sources */,
				1E694B1CF0D3B6F814493502 /* TCPFlowSessionStore.swift in Sources */,
				3C7BB7C18C617F5248F90151 /* TCPFlowState.swift in Sources */,
				B8F419010F5FD680BF0E8B8E /* TCPFlowStateTests.swift in Sources */,
				316E83C584C3A594987EE4AE /* TCPRouter.swift in Sources */,
				219BD1A00EBFA19864E96634 /* TCPRouterReturnPathTests.swift in Sources */,
				E49C264771AC31DAC5BCAE7D /* TCPRouterTests.swift in Sources */,
				A1BCB92B6B7E6D92353D7023 /* TunnelDiagnostics.swift in Sources */,
				6A83C9EBF8AC88C2CA6CD7E9 /* TunnelEngine.swift in Sources */,
				655088A69C22E4661A8EC034 /* TunnelEngineUDPTests.swift in Sources */,
				A3B9B84F86858544A0AD4D50 /* TunnelPacketWriter.swift in Sources */,
				2D18460AA815E021F406D41B /* UDPFlowKey.swift in Sources */,
				D56BDDBAE58049E2CB5F5481 /* UDPFlowRelaying.swift in Sources */,
				0D749B44A330AE859ACFB327 /* UDPRelaySpy.swift in Sources */,
				1E2081EB90B09802B989C333 /* UDPRouter.swift in Sources */,
				C2B7F66CEC087501618BDB59 /* UDPRouterTests.swift in Sources */,
				05CA46D055982EAE02B585CB /* UDPSessionStore.swift in Sources */,
				79BD099A805DA494A00AF0F5 /* UDPSessionStoreTests.swift in Sources */,
			);
			runOnlyForDeploymentPostprocessing = 0;
		};
		54A8DEAF331F916BBC005415 /* Sources */ = {
			isa = PBXSourcesBuildPhase;
			buildActionMask = 2147483647;
			files = (
				7A84FDA1F1C7E2C498489B07 /* ConnectionButton.swift in Sources */,
				E687AF63906F24E2E144226C /* ConnectionStateDisplay.swift in Sources */,
				53F796EE99A70642FCAA017B /* DiagnosticsSection.swift in Sources */,
				7A4F1A89948F333FE7600C27 /* DomainRouteTester.swift in Sources */,
				410A3B67300ADC14B19F6DA6 /* IPListViewModel.swift in Sources */,
				3E7084564ED7A2D94C52CA61 /* ImportSection.swift in Sources */,
				08F6A07392CA43091539C529 /* ImportTabView.swift in Sources */,
				0984C7E6CEEBD8D40E29E382 /* MessageSection.swift in Sources */,
				68B99B8058D378DF6436F26B /* ProfilePickerBar.swift in Sources */,
				1A5C8640F9413CE2CE719180 /* ProfilePickerSheet.swift in Sources */,
				CCDE9A370C1C0B7343113F7C /* ProfileRow.swift in Sources */,
				88B8B5530E952798EB694988 /* ProfilesTabView.swift in Sources */,
				6D9E18EC36D15F9A87E49432 /* RootView.swift in Sources */,
				6523C20EAB578B5D6ED4DA8B /* RootViewModel.swift in Sources */,
				71C8E723E9658332E9F16C44 /* RoutingSections.swift in Sources */,
				3C1F89BA16C55C70D1CD76A5 /* RoutingViewModel.swift in Sources */,
				571C561022DF1300C936978F /* ShadowsocksOneApp.swift in Sources */,
				C65C1A66E4278569DB741743 /* SystemTunnelManager.swift in Sources */,
				D35A2B4683EC16D6C4F10CCA /* TunnelControlling.swift in Sources */,
			);
			runOnlyForDeploymentPostprocessing = 0;
		};
		604CE3D220B2FE0824531C32 /* Sources */ = {
			isa = PBXSourcesBuildPhase;
			buildActionMask = 2147483647;
			files = (
				867DBCAE1ABCDE9D580E3CFD /* DNSCoordinator.swift in Sources */,
				18E608472BBEB835730DCEAA /* DirectTCPRelay.swift in Sources */,
				AC305E051E542B1FE803A0BD /* DirectUDPRelay.swift in Sources */,
				EFD005CC5679B80167C4604D /* LocalDNSUpstreamClient.swift in Sources */,
				5CE71082AB5242FD2C3877E7 /* PacketTunnelProvider.swift in Sources */,
				82B167B866016CDB0B4628CA /* ProxyDNSUpstreamClient.swift in Sources */,
				E059FC9F338B4B053C61EE60 /* ShadowsocksTCPRelay.swift in Sources */,
				A9A48AFB0A6DC65C8EDD719C /* ShadowsocksUDPRelay.swift in Sources */,
				DF903B7D753AC97BEACB5680 /* TCPFlowEvent.swift in Sources */,
				5E85A4567697FC1CA0E52453 /* TCPFlowKey.swift in Sources */,
				462E3668FCDBE6C04CDF317D /* TCPFlowRelaying.swift in Sources */,
				377C30D42C458421FE3B34A3 /* TCPFlowSessionStore.swift in Sources */,
				218731644E6E067F6C1E4CBA /* TCPFlowState.swift in Sources */,
				907A04DC7A83ED7D12A91043 /* TCPRouter.swift in Sources */,
				8387C8548D355945E08C4DBD /* TunnelDiagnostics.swift in Sources */,
				900A87273FB8CD20CB6DF68F /* TunnelEngine.swift in Sources */,
				8A9EA1A9DFAB8DE3DBCE8688 /* TunnelPacketWriter.swift in Sources */,
				002C3061805A299FDB23E0CA /* UDPFlowKey.swift in Sources */,
				336E19F2A0BC446DBA2214F9 /* UDPFlowRelaying.swift in Sources */,
				42AF195854C1FCECA1F69202 /* UDPRouter.swift in Sources */,
				F6DD636A0C44ABE867E5A4C6 /* UDPSessionStore.swift in Sources */,
			);
			runOnlyForDeploymentPostprocessing = 0;
		};
		CC9D9F318E6948904C761AB0 /* Sources */ = {
			isa = PBXSourcesBuildPhase;
			buildActionMask = 2147483647;
			files = (
				29119E624C83D97DFEEE19FE /* CNIPListStoreTests.swift in Sources */,
				982DE908ED254C5678944C86 /* DNSCacheTests.swift in Sources */,
				42785E75A80F957C21056B2B /* DNSMessageTests.swift in Sources */,
				651004ED5C7F04DD463DACAE /* IPPacketTests.swift in Sources */,
				8B1E8A23B2F21BF735893B07 /* ProfileMappingTests.swift in Sources */,
				86E56796F0B435294BFC5BEF /* ProfileStoreTests.swift in Sources */,
				BE2AEE900DFDB47DA97E2B4A /* RouteMatcherTests.swift in Sources */,
				9EB6BF26BF1F9C8E22EEC388 /* RoutingConfigurationStoreTests.swift in Sources */,
				FCE816D1C820004A246E0ED3 /* SSURLParserTests.swift in Sources */,
				ED08A51E5637F1AE8A614A43 /* ShadowsocksCodecTests.swift in Sources */,
				2167582C07D51364331CEB82 /* ShadowsocksUDPCodecTests.swift in Sources */,
				C376C4187F556A6D09F76C39 /* TCPPacketBuilderTests.swift in Sources */,
				24EE5A65EF6379BAE47F06C2 /* TunnelConfigurationStoreTests.swift in Sources */,
				32C2622F99762CD8241FC470 /* TunnelDiagnosticsStoreTests.swift in Sources */,
				12450AE7CDD1FF8C31F4FEA9 /* TunnelRuntimeStatusStoreTests.swift in Sources */,
				25754A0E8EFD7D63427FD356 /* UDPPacketBuilderTests.swift in Sources */,
			);
			runOnlyForDeploymentPostprocessing = 0;
		};
/* End PBXSourcesBuildPhase section */

/* Begin PBXTargetDependency section */
		9AC92EF529680069B66469CF /* PBXTargetDependency */ = {
			isa = PBXTargetDependency;
			target = D735B011E44A17E0D59B0C84 /* ShadowsocksOnePacketTunnel */;
			targetProxy = 6C5148A488177A0AD74F89BA /* PBXContainerItemProxy */;
		};
		DA4D63C0576D5EA285B54DF5 /* PBXTargetDependency */ = {
			isa = PBXTargetDependency;
			target = 94B199099815873DD40E7CEE /* Shadowsocks One */;
			targetProxy = 0ABC09FCA32565C3DF2AF0A5 /* PBXContainerItemProxy */;
		};
/* End PBXTargetDependency section */

/* Begin XCBuildConfiguration section */
		13CC9F15833457D38346E3D2 /* Debug */ = {
			isa = XCBuildConfiguration;
			buildSettings = {
				CODE_SIGN_ENTITLEMENTS = PacketTunnel/PacketTunnel.entitlements;
				CODE_SIGN_STYLE = Automatic;
				DEVELOPMENT_TEAM = 8Z7LGX7B48;
				INFOPLIST_FILE = PacketTunnel/Info.plist;
				LD_RUNPATH_SEARCH_PATHS = (
					"$(inherited)",
					"@executable_path/Frameworks",
					"@executable_path/../../Frameworks",
				);
				PRODUCT_BUNDLE_IDENTIFIER = com.fits.socks.one.PacketTunnel;
				PRODUCT_MODULE_NAME = ShadowsocksOnePacketTunnel;
				PRODUCT_NAME = ShadowsocksOnePacketTunnel;
				SDKROOT = iphoneos;
				SKIP_INSTALL = YES;
				TARGETED_DEVICE_FAMILY = "1,2";
			};
			name = Debug;
		};
		20D9E8974521BA074B977482 /* Release */ = {
			isa = XCBuildConfiguration;
			buildSettings = {
				ALWAYS_SEARCH_USER_PATHS = NO;
				CLANG_ANALYZER_NONNULL = YES;
				CLANG_ANALYZER_NUMBER_OBJECT_CONVERSION = YES_AGGRESSIVE;
				CLANG_CXX_LANGUAGE_STANDARD = "gnu++14";
				CLANG_CXX_LIBRARY = "libc++";
				CLANG_ENABLE_MODULES = YES;
				CLANG_ENABLE_OBJC_ARC = YES;
				CLANG_ENABLE_OBJC_WEAK = YES;
				CLANG_WARN_BLOCK_CAPTURE_AUTORELEASING = YES;
				CLANG_WARN_BOOL_CONVERSION = YES;
				CLANG_WARN_COMMA = YES;
				CLANG_WARN_CONSTANT_CONVERSION = YES;
				CLANG_WARN_DEPRECATED_OBJC_IMPLEMENTATIONS = YES;
				CLANG_WARN_DIRECT_OBJC_ISA_USAGE = YES_ERROR;
				CLANG_WARN_DOCUMENTATION_COMMENTS = YES;
				CLANG_WARN_EMPTY_BODY = YES;
				CLANG_WARN_ENUM_CONVERSION = YES;
				CLANG_WARN_INFINITE_RECURSION = YES;
				CLANG_WARN_INT_CONVERSION = YES;
				CLANG_WARN_NON_LITERAL_NULL_CONVERSION = YES;
				CLANG_WARN_OBJC_IMPLICIT_RETAIN_SELF = YES;
				CLANG_WARN_OBJC_LITERAL_CONVERSION = YES;
				CLANG_WARN_OBJC_ROOT_CLASS = YES_ERROR;
				CLANG_WARN_QUOTED_INCLUDE_IN_FRAMEWORK_HEADER = YES;
				CLANG_WARN_RANGE_LOOP_ANALYSIS = YES;
				CLANG_WARN_STRICT_PROTOTYPES = YES;
				CLANG_WARN_SUSPICIOUS_MOVE = YES;
				CLANG_WARN_UNGUARDED_AVAILABILITY = YES_AGGRESSIVE;
				CLANG_WARN_UNREACHABLE_CODE = YES;
				CLANG_WARN__DUPLICATE_METHOD_MATCH = YES;
				COPY_PHASE_STRIP = NO;
				DEBUG_INFORMATION_FORMAT = "dwarf-with-dsym";
				ENABLE_NS_ASSERTIONS = NO;
				ENABLE_STRICT_OBJC_MSGSEND = YES;
				GCC_C_LANGUAGE_STANDARD = gnu11;
				GCC_NO_COMMON_BLOCKS = YES;
				GCC_WARN_64_TO_32_BIT_CONVERSION = YES;
				GCC_WARN_ABOUT_RETURN_TYPE = YES_ERROR;
				GCC_WARN_UNDECLARED_SELECTOR = YES;
				GCC_WARN_UNINITIALIZED_AUTOS = YES_AGGRESSIVE;
				GCC_WARN_UNUSED_FUNCTION = YES;
				GCC_WARN_UNUSED_VARIABLE = YES;
				IPHONEOS_DEPLOYMENT_TARGET = 17.0;
				MTL_ENABLE_DEBUG_INFO = NO;
				MTL_FAST_MATH = YES;
				PRODUCT_NAME = "$(TARGET_NAME)";
				SDKROOT = iphoneos;
				SWIFT_COMPILATION_MODE = wholemodule;
				SWIFT_OPTIMIZATION_LEVEL = "-O";
				SWIFT_VERSION = 5.0;
			};
			name = Release;
		};
		63AB9D0AE16983BEBCB374D2 /* Debug */ = {
			isa = XCBuildConfiguration;
			buildSettings = {
				BUNDLE_LOADER = "";
				GENERATE_INFOPLIST_FILE = YES;
				LD_RUNPATH_SEARCH_PATHS = (
					"$(inherited)",
					"@executable_path/Frameworks",
					"@loader_path/Frameworks",
				);
				PRODUCT_BUNDLE_IDENTIFIER = com.fits.socks.one.SharedCoreXcodeTests;
				SDKROOT = iphoneos;
				TARGETED_DEVICE_FAMILY = "1,2";
				TEST_HOST = "";
			};
			name = Debug;
		};
		691547D0442EA2B3D843F50A /* Debug */ = {
			isa = XCBuildConfiguration;
			buildSettings = {
				ASSETCATALOG_COMPILER_APPICON_NAME = AppIcon;
				CODE_SIGN_ENTITLEMENTS = App/ShadowsocksOne.entitlements;
				CODE_SIGN_IDENTITY = "iPhone Developer";
				CODE_SIGN_STYLE = Automatic;
				DEVELOPMENT_TEAM = 8Z7LGX7B48;
				INFOPLIST_FILE = App/Info.plist;
				LD_RUNPATH_SEARCH_PATHS = (
					"$(inherited)",
					"@executable_path/Frameworks",
				);
				PRODUCT_BUNDLE_IDENTIFIER = com.fits.socks.one;
				PRODUCT_MODULE_NAME = ShadowsocksOne;
				PRODUCT_NAME = ShadowsocksOne;
				SDKROOT = iphoneos;
				TARGETED_DEVICE_FAMILY = "1,2";
			};
			name = Debug;
		};
		7444ADE04D0C0404EA14826B /* Release */ = {
			isa = XCBuildConfiguration;
			buildSettings = {
				BUNDLE_LOADER = "$(TEST_HOST)";
				GENERATE_INFOPLIST_FILE = YES;
				LD_RUNPATH_SEARCH_PATHS = (
					"$(inherited)",
					"@executable_path/Frameworks",
					"@loader_path/Frameworks",
				);
				PRODUCT_BUNDLE_IDENTIFIER = com.fits.socks.one.ConnectionIntegrationTests;
				SDKROOT = iphoneos;
				TARGETED_DEVICE_FAMILY = "1,2";
				TEST_HOST = "$(BUILT_PRODUCTS_DIR)/ShadowsocksOne.app/ShadowsocksOne";
			};
			name = Release;
		};
		8810988383AC32B1CD5AAB12 /* Release */ = {
			isa = XCBuildConfiguration;
			buildSettings = {
				ASSETCATALOG_COMPILER_APPICON_NAME = AppIcon;
				CODE_SIGN_ENTITLEMENTS = App/ShadowsocksOne.entitlements;
				CODE_SIGN_IDENTITY = "iPhone Developer";
				CODE_SIGN_STYLE = Automatic;
				DEVELOPMENT_TEAM = 8Z7LGX7B48;
				INFOPLIST_FILE = App/Info.plist;
				LD_RUNPATH_SEARCH_PATHS = (
					"$(inherited)",
					"@executable_path/Frameworks",
				);
				PRODUCT_BUNDLE_IDENTIFIER = com.fits.socks.one;
				PRODUCT_MODULE_NAME = ShadowsocksOne;
				PRODUCT_NAME = ShadowsocksOne;
				SDKROOT = iphoneos;
				TARGETED_DEVICE_FAMILY = "1,2";
			};
			name = Release;
		};
		A212AEE997B14E7B460C208A /* Release */ = {
			isa = XCBuildConfiguration;
			buildSettings = {
				BUNDLE_LOADER = "";
				GENERATE_INFOPLIST_FILE = YES;
				LD_RUNPATH_SEARCH_PATHS = (
					"$(inherited)",
					"@executable_path/Frameworks",
					"@loader_path/Frameworks",
				);
				PRODUCT_BUNDLE_IDENTIFIER = com.fits.socks.one.SharedCoreXcodeTests;
				SDKROOT = iphoneos;
				TARGETED_DEVICE_FAMILY = "1,2";
				TEST_HOST = "";
			};
			name = Release;
		};
		A2400D9761839048A43013F1 /* Debug */ = {
			isa = XCBuildConfiguration;
			buildSettings = {
				ALWAYS_SEARCH_USER_PATHS = NO;
				CLANG_ANALYZER_NONNULL = YES;
				CLANG_ANALYZER_NUMBER_OBJECT_CONVERSION = YES_AGGRESSIVE;
				CLANG_CXX_LANGUAGE_STANDARD = "gnu++14";
				CLANG_CXX_LIBRARY = "libc++";
				CLANG_ENABLE_MODULES = YES;
				CLANG_ENABLE_OBJC_ARC = YES;
				CLANG_ENABLE_OBJC_WEAK = YES;
				CLANG_WARN_BLOCK_CAPTURE_AUTORELEASING = YES;
				CLANG_WARN_BOOL_CONVERSION = YES;
				CLANG_WARN_COMMA = YES;
				CLANG_WARN_CONSTANT_CONVERSION = YES;
				CLANG_WARN_DEPRECATED_OBJC_IMPLEMENTATIONS = YES;
				CLANG_WARN_DIRECT_OBJC_ISA_USAGE = YES_ERROR;
				CLANG_WARN_DOCUMENTATION_COMMENTS = YES;
				CLANG_WARN_EMPTY_BODY = YES;
				CLANG_WARN_ENUM_CONVERSION = YES;
				CLANG_WARN_INFINITE_RECURSION = YES;
				CLANG_WARN_INT_CONVERSION = YES;
				CLANG_WARN_NON_LITERAL_NULL_CONVERSION = YES;
				CLANG_WARN_OBJC_IMPLICIT_RETAIN_SELF = YES;
				CLANG_WARN_OBJC_LITERAL_CONVERSION = YES;
				CLANG_WARN_OBJC_ROOT_CLASS = YES_ERROR;
				CLANG_WARN_QUOTED_INCLUDE_IN_FRAMEWORK_HEADER = YES;
				CLANG_WARN_RANGE_LOOP_ANALYSIS = YES;
				CLANG_WARN_STRICT_PROTOTYPES = YES;
				CLANG_WARN_SUSPICIOUS_MOVE = YES;
				CLANG_WARN_UNGUARDED_AVAILABILITY = YES_AGGRESSIVE;
				CLANG_WARN_UNREACHABLE_CODE = YES;
				CLANG_WARN__DUPLICATE_METHOD_MATCH = YES;
				COPY_PHASE_STRIP = NO;
				DEBUG_INFORMATION_FORMAT = dwarf;
				ENABLE_STRICT_OBJC_MSGSEND = YES;
				ENABLE_TESTABILITY = YES;
				GCC_C_LANGUAGE_STANDARD = gnu11;
				GCC_DYNAMIC_NO_PIC = NO;
				GCC_NO_COMMON_BLOCKS = YES;
				GCC_OPTIMIZATION_LEVEL = 0;
				GCC_PREPROCESSOR_DEFINITIONS = (
					"$(inherited)",
					"DEBUG=1",
				);
				GCC_WARN_64_TO_32_BIT_CONVERSION = YES;
				GCC_WARN_ABOUT_RETURN_TYPE = YES_ERROR;
				GCC_WARN_UNDECLARED_SELECTOR = YES;
				GCC_WARN_UNINITIALIZED_AUTOS = YES_AGGRESSIVE;
				GCC_WARN_UNUSED_FUNCTION = YES;
				GCC_WARN_UNUSED_VARIABLE = YES;
				IPHONEOS_DEPLOYMENT_TARGET = 17.0;
				MTL_ENABLE_DEBUG_INFO = INCLUDE_SOURCE;
				MTL_FAST_MATH = YES;
				ONLY_ACTIVE_ARCH = YES;
				PRODUCT_NAME = "$(TARGET_NAME)";
				SDKROOT = iphoneos;
				SWIFT_ACTIVE_COMPILATION_CONDITIONS = DEBUG;
				SWIFT_OPTIMIZATION_LEVEL = "-Onone";
				SWIFT_VERSION = 5.0;
			};
			name = Debug;
		};
		B8CCB14521AAFAAD069961EA /* Release */ = {
			isa = XCBuildConfiguration;
			buildSettings = {
				CODE_SIGN_ENTITLEMENTS = PacketTunnel/PacketTunnel.entitlements;
				CODE_SIGN_STYLE = Automatic;
				DEVELOPMENT_TEAM = 8Z7LGX7B48;
				INFOPLIST_FILE = PacketTunnel/Info.plist;
				LD_RUNPATH_SEARCH_PATHS = (
					"$(inherited)",
					"@executable_path/Frameworks",
					"@executable_path/../../Frameworks",
				);
				PRODUCT_BUNDLE_IDENTIFIER = com.fits.socks.one.PacketTunnel;
				PRODUCT_MODULE_NAME = ShadowsocksOnePacketTunnel;
				PRODUCT_NAME = ShadowsocksOnePacketTunnel;
				SDKROOT = iphoneos;
				SKIP_INSTALL = YES;
				TARGETED_DEVICE_FAMILY = "1,2";
			};
			name = Release;
		};
		DB3A51B572B6AF02C888677C /* Debug */ = {
			isa = XCBuildConfiguration;
			buildSettings = {
				BUNDLE_LOADER = "$(TEST_HOST)";
				GENERATE_INFOPLIST_FILE = YES;
				LD_RUNPATH_SEARCH_PATHS = (
					"$(inherited)",
					"@executable_path/Frameworks",
					"@loader_path/Frameworks",
				);
				PRODUCT_BUNDLE_IDENTIFIER = com.fits.socks.one.ConnectionIntegrationTests;
				SDKROOT = iphoneos;
				TARGETED_DEVICE_FAMILY = "1,2";
				TEST_HOST = "$(BUILT_PRODUCTS_DIR)/ShadowsocksOne.app/ShadowsocksOne";
			};
			name = Debug;
		};
/* End XCBuildConfiguration section */

/* Begin XCConfigurationList section */
		613093C471AFC3D8003F36B4 /* Build configuration list for PBXProject "ShadowsocksOne" */ = {
			isa = XCConfigurationList;
			buildConfigurations = (
				A2400D9761839048A43013F1 /* Debug */,
				20D9E8974521BA074B977482 /* Release */,
			);
			defaultConfigurationIsVisible = 0;
			defaultConfigurationName = Debug;
		};
		768F17DDD6ABC522934C73A5 /* Build configuration list for PBXNativeTarget "ShadowsocksOnePacketTunnel" */ = {
			isa = XCConfigurationList;
			buildConfigurations = (
				13CC9F15833457D38346E3D2 /* Debug */,
				B8CCB14521AAFAAD069961EA /* Release */,
			);
			defaultConfigurationIsVisible = 0;
			defaultConfigurationName = Debug;
		};
		C19FD4B7BD6CEA8E5E9E1B98 /* Build configuration list for PBXNativeTarget "Shadowsocks One" */ = {
			isa = XCConfigurationList;
			buildConfigurations = (
				691547D0442EA2B3D843F50A /* Debug */,
				8810988383AC32B1CD5AAB12 /* Release */,
			);
			defaultConfigurationIsVisible = 0;
			defaultConfigurationName = Debug;
		};
		D2020857EA267CFBB89FAA24 /* Build configuration list for PBXNativeTarget "ConnectionIntegrationTests" */ = {
			isa = XCConfigurationList;
			buildConfigurations = (
				DB3A51B572B6AF02C888677C /* Debug */,
				7444ADE04D0C0404EA14826B /* Release */,
			);
			defaultConfigurationIsVisible = 0;
			defaultConfigurationName = Debug;
		};
		F3E1067B7A86D923528CB0F8 /* Build configuration list for PBXNativeTarget "SharedCoreXcodeTests" */ = {
			isa = XCConfigurationList;
			buildConfigurations = (
				63AB9D0AE16983BEBCB374D2 /* Debug */,
				A212AEE997B14E7B460C208A /* Release */,
			);
			defaultConfigurationIsVisible = 0;
			defaultConfigurationName = Debug;
		};
/* End XCConfigurationList section */

/* Begin XCLocalSwiftPackageReference section */
		AA835B56A12131B0520E5516 /* XCLocalSwiftPackageReference "Packages/SharedCore" */ = {
			isa = XCLocalSwiftPackageReference;
			relativePath = Packages/SharedCore;
		};
/* End XCLocalSwiftPackageReference section */

/* Begin XCSwiftPackageProductDependency section */
		5F375B6A9750588195206151 /* SharedCore */ = {
			isa = XCSwiftPackageProductDependency;
			productName = SharedCore;
		};
		BCBC4F9653DA63DFED1F8D62 /* SharedCore */ = {
			isa = XCSwiftPackageProductDependency;
			productName = SharedCore;
		};
		C1E49C35C302856834AC88CC /* SharedCore */ = {
			isa = XCSwiftPackageProductDependency;
			productName = SharedCore;
		};
		C90C7558FF009F36B31AF55C /* SharedCore */ = {
			isa = XCSwiftPackageProductDependency;
			productName = SharedCore;
		};
/* End XCSwiftPackageProductDependency section */
	};
	rootObject = 48DC81AFC4F522808626CA7C /* Project object */;
}
